
Microsoft Visual Studio Solution File, Format Version 12.00
# Visual Studio Version 17
VisualStudioVersion = 17.6.33815.320
MinimumVisualStudioVersion = 10.0.40219.1
Project("{2150E333-8FDC-42A3-9474-1A3956D46DE8}") = "Frontend", "Frontend", "{0B6BE6A5-7B61-46FD-86D1-D5B555DB3E9D}"
EndProject
Project("{2150E333-8FDC-42A3-9474-1A3956D46DE8}") = "Gateway", "Gateway", "{4F34BAAE-E99F-4940-B358-559664CB874E}"
EndProject
Project("{2150E333-8FDC-42A3-9474-1A3956D46DE8}") = "Integration", "Integration", "{193EBBA7-7985-40F5-99F0-88B9FFA579BA}"
EndProject
Project("{2150E333-8FDC-42A3-9474-1A3956D46DE8}") = "Services", "Services", "{3F26D87D-B78A-4F0A-9EAC-98179830500F}"
EndProject
Project("{FAE04EC0-301F-11D3-BF4B-00C04F79EFBC}") = "Ecommerce.Services.CustomerAPI", "Ecommerce.Services.CustomerAPI\Ecommerce.Services.CustomerAPI.csproj", "{BEF550A0-4D29-4D54-A084-91C563ED401B}"
EndProject
Global
	GlobalSection(SolutionConfigurationPlatforms) = preSolution
		Debug|Any CPU = Debug|Any CPU
		Release|Any CPU = Release|Any CPU
	EndGlobalSection
	GlobalSection(ProjectConfigurationPlatforms) = postSolution
		{BEF550A0-4D29-4D54-A084-91C563ED401B}.Debug|Any CPU.ActiveCfg = Debug|Any CPU
		{BEF550A0-4D29-4D54-A084-91C563ED401B}.Debug|Any CPU.Build.0 = Debug|Any CPU
		{BEF550A0-4D29-4D54-A084-91C563ED401B}.Release|Any CPU.ActiveCfg = Release|Any CPU
		{BEF550A0-4D29-4D54-A084-91C563ED401B}.Release|Any CPU.Build.0 = Release|Any CPU
	EndGlobalSection
	GlobalSection(SolutionProperties) = preSolution
		HideSolutionNode = FALSE
	EndGlobalSection
	GlobalSection(NestedProjects) = preSolution
		{BEF550A0-4D29-4D54-A084-91C563ED401B} = {3F26D87D-B78A-4F0A-9EAC-98179830500F}
	EndGlobalSection
	GlobalSection(ExtensibilityGlobals) = postSolution
		SolutionGuid = {5365F082-3B96-48B1-B6E3-63542281C43E}
	EndGlobalSection
EndGlobal
