
Microsoft Visual Studio Solution File, Format Version 12.00
# Visual Studio Version 17
VisualStudioVersion = 17.6.33815.320
MinimumVisualStudioVersion = 10.0.40219.1
Project("{FAE04EC0-301F-11D3-BF4B-00C04F79EFBC}") = "WebApplication1", "WebApplication1\WebApplication1.csproj", "{D7A268F6-770F-4CBA-9BC2-4546AF86B4B1}"
EndProject
Global
	GlobalSection(SolutionConfigurationPlatforms) = preSolution
		Debug|Any CPU = Debug|Any CPU
		Release|Any CPU = Release|Any CPU
	EndGlobalSection
	GlobalSection(ProjectConfigurationPlatforms) = postSolution
		{D7A268F6-770F-4CBA-9BC2-4546AF86B4B1}.Debug|Any CPU.ActiveCfg = Debug|Any CPU
		{D7A268F6-770F-4CBA-9BC2-4546AF86B4B1}.Debug|Any CPU.Build.0 = Debug|Any CPU
		{D7A268F6-770F-4CBA-9BC2-4546AF86B4B1}.Release|Any CPU.ActiveCfg = Release|Any CPU
		{D7A268F6-770F-4CBA-9BC2-4546AF86B4B1}.Release|Any CPU.Build.0 = Release|Any CPU
	EndGlobalSection
	GlobalSection(SolutionProperties) = preSolution
		HideSolutionNode = FALSE
	EndGlobalSection
	GlobalSection(ExtensibilityGlobals) = postSolution
		SolutionGuid = {5365F082-3B96-48B1-B6E3-63542281C43E}
	EndGlobalSection
EndGlobal
